// !$*UTF8*$!
{
	archiveVersion = 1;
	classes = {
	};
	objectVersion = 46;
	objects = {

/* Begin PBXBuildFile section */
		1D60589B0D05DD56006BFB54 /* main.m in Sources */ = {isa = PBXBuildFile; fileRef = 29B97316FDCFA39411CA2CEA /* main.m */; };
		1D60589F0D05DD5A006BFB54 /* Foundation.framework in Frameworks */ = {isa = PBXBuildFile; fileRef = 1D30AB110D05D00D00671497 /* Foundation.framework */; };
		1DF5F4E00D08C38300B7A737 /* UIKit.framework in Frameworks */ = {isa = PBXBuildFile; fileRef = 1DF5F4DF0D08C38300B7A737 /* UIKit.framework */; };
		288765FD0DF74451002DB57D /* CoreGraphics.framework in Frameworks */ = {isa = PBXBuildFile; fileRef = 288765FC0DF74451002DB57D /* CoreGraphics.framework */; };
		450A670411D27B9D00014BF5 /* QuartzCore.framework in Frameworks */ = {isa = PBXBuildFile; fileRef = 450A670311D27B9D00014BF5 /* QuartzCore.framework */; };
		4541A9D8122EA716001A5E60 /* Localizable.strings in Resources */ = {isa = PBXBuildFile; fileRef = 4541A9D7122EA716001A5E60 /* Localizable.strings */; };
		4544D87C1610A3C2003DB132 /* Default-568h@2x.png in Resources */ = {isa = PBXBuildFile; fileRef = 4544D87B1610A3C2003DB132 /* Default-568h@2x.png */; };
		4555C74C14211A00005F448D /* BeholdAPaleHorseBookDelegate.m in Sources */ = {isa = PBXBuildFile; fileRef = 4555C74B14211A00005F448D /* BeholdAPaleHorseBookDelegate.m */; };
		455C7891142687CA0053D73B /* UIXToolbarView.m in Sources */ = {isa = PBXBuildFile; fileRef = 455C7890142687CA0053D73B /* UIXToolbarView.m */; };
		455C789D14268F6A0053D73B /* BeholdAPaleHorse-Button-H.png in Resources */ = {isa = PBXBuildFile; fileRef = 455C789914268F6A0053D73B /* BeholdAPaleHorse-Button-H.png */; };
		455C789E14268F6A0053D73B /* BeholdAPaleHorse-Button-H@2x.png in Resources */ = {isa = PBXBuildFile; fileRef = 455C789A14268F6A0053D73B /* BeholdAPaleHorse-Button-H@2x.png */; };
		455C789F14268F6A0053D73B /* BeholdAPaleHorse-Button-N.png in Resources */ = {isa = PBXBuildFile; fileRef = 455C789B14268F6A0053D73B /* BeholdAPaleHorse-Button-N.png */; };
		455C78A014268F6A0053D73B /* BeholdAPaleHorse-Button-N@2x.png in Resources */ = {isa = PBXBuildFile; fileRef = 455C789C14268F6A0053D73B /* BeholdAPaleHorse-Button-N@2x.png */; };
		458DDFD7140D45FA00C5DA94 /* ImageIO.framework in Frameworks */ = {isa = PBXBuildFile; fileRef = 458DDFD6140D45FA00C5DA94 /* ImageIO.framework */; };
		45AB72C9141FBFCA003524C3 /* BeholdAPaleHorse-Email.png in Resources */ = {isa = PBXBuildFile; fileRef = 45AB72BC141FBFCA003524C3 /* BeholdAPaleHorse-Email.png */; };
		45AB72CA141FBFCA003524C3 /* BeholdAPaleHorse-Email@2x.png in Resources */ = {isa = PBXBuildFile; fileRef = 45AB72BD141FBFCA003524C3 /* BeholdAPaleHorse-Email@2x.png */; };
		45AB72CB141FBFCA003524C3 /* BeholdAPaleHorse-Mark-N.png in Resources */ = {isa = PBXBuildFile; fileRef = 45AB72BE141FBFCA003524C3 /* BeholdAPaleHorse-Mark-N.png */; };
		45AB72CC141FBFCA003524C3 /* BeholdAPaleHorse-Mark-N@2x.png in Resources */ = {isa = PBXBuildFile; fileRef = 45AB72BF141FBFCA003524C3 /* BeholdAPaleHorse-Mark-N@2x.png */; };
		45AB72CD141FBFCA003524C3 /* BeholdAPaleHorse-Mark-Y.png in Resources */ = {isa = PBXBuildFile; fileRef = 45AB72C0141FBFCA003524C3 /* BeholdAPaleHorse-Mark-Y.png */; };
		45AB72CE141FBFCA003524C3 /* BeholdAPaleHorse-Mark-Y@2x.png in Resources */ = {isa = PBXBuildFile; fileRef = 45AB72C1141FBFCA003524C3 /* BeholdAPaleHorse-Mark-Y@2x.png */; };
		45AB72CF141FBFCA003524C3 /* BeholdAPaleHorse-Print.png in Resources */ = {isa = PBXBuildFile; fileRef = 45AB72C2141FBFCA003524C3 /* BeholdAPaleHorse-Print.png */; };
		45AB72D0141FBFCA003524C3 /* BeholdAPaleHorse-Print@2x.png in Resources */ = {isa = PBXBuildFile; fileRef = 45AB72C3141FBFCA003524C3 /* BeholdAPaleHorse-Print@2x.png */; };
		45AB72D1141FBFCA003524C3 /* BeholdAPaleHorse-Thumbs.png in Resources */ = {isa = PBXBuildFile; fileRef = 45AB72C4141FBFCA003524C3 /* BeholdAPaleHorse-Thumbs.png */; };
		45AB72D2141FBFCA003524C3 /* BeholdAPaleHorse-Thumbs@2x.png in Resources */ = {isa = PBXBuildFile; fileRef = 45AB72C5141FBFCA003524C3 /* BeholdAPaleHorse-Thumbs@2x.png */; };
		45AB72DE141FC043003524C3 /* LICENSE.md in Resources */ = {isa = PBXBuildFile; fileRef = 45AB72DD141FC043003524C3 /* LICENSE.md */; };
		45AB72E0141FC04B003524C3 /* README.md in Resources */ = {isa = PBXBuildFile; fileRef = 45AB72DF141FC04B003524C3 /* README.md */; };
		45AB72EB141FC0A2003524C3 /* BeholdAPaleHorseAppDelegate.m in Sources */ = {isa = PBXBuildFile; fileRef = 45AB72E8141FC0A2003524C3 /* BeholdAPaleHorseAppDelegate.m */; };
		45AB72EC141FC0A2003524C3 /* BeholdAPaleHorseDemoController.m in Sources */ = {isa = PBXBuildFile; fileRef = 45AB72EA141FC0A2003524C3 /* BeholdAPaleHorseDemoController.m */; };
		45AB7313141FC0B1003524C3 /* CGPDFDocument.m in Sources */ = {isa = PBXBuildFile; fileRef = 45AB72EE141FC0B1003524C3 /* CGPDFDocument.m */; };
		45AB7314141FC0B1003524C3 /* BeholdAPaleHorseConstants.m in Sources */ = {isa = PBXBuildFile; fileRef = 45AB72F0141FC0B1003524C3 /* BeholdAPaleHorseConstants.m */; };
		45AB7315141FC0B1003524C3 /* BeholdAPaleHorseContentPage.m in Sources */ = {isa = PBXBuildFile; fileRef = 45AB72F2141FC0B1003524C3 /* BeholdAPaleHorseContentPage.m */; };
		45AB7316141FC0B1003524C3 /* BeholdAPaleHorseContentTile.m in Sources */ = {isa = PBXBuildFile; fileRef = 45AB72F4141FC0B1003524C3 /* BeholdAPaleHorseContentTile.m */; };
		45AB7317141FC0B1003524C3 /* BeholdAPaleHorseContentView.m in Sources */ = {isa = PBXBuildFile; fileRef = 45AB72F6141FC0B1003524C3 /* BeholdAPaleHorseContentView.m */; };
		45AB7318141FC0B1003524C3 /* BeholdAPaleHorseDocument.m in Sources */ = {isa = PBXBuildFile; fileRef = 45AB72F8141FC0B1003524C3 /* BeholdAPaleHorseDocument.m */; };
		45AB7319141FC0B1003524C3 /* BeholdAPaleHorseMainPagebar.m in Sources */ = {isa = PBXBuildFile; fileRef = 45AB72FA141FC0B1003524C3 /* BeholdAPaleHorseMainPagebar.m */; };
		45AB731A141FC0B1003524C3 /* BeholdAPaleHorseMainToolbar.m in Sources */ = {isa = PBXBuildFile; fileRef = 45AB72FC141FC0B1003524C3 /* BeholdAPaleHorseMainToolbar.m */; };
		45AB731C141FC0B1003524C3 /* BeholdAPaleHorseThumbCache.m in Sources */ = {isa = PBXBuildFile; fileRef = 45AB7300141FC0B1003524C3 /* BeholdAPaleHorseThumbCache.m */; };
		45AB731D141FC0B1003524C3 /* BeholdAPaleHorseThumbFetch.m in Sources */ = {isa = PBXBuildFile; fileRef = 45AB7302141FC0B1003524C3 /* BeholdAPaleHorseThumbFetch.m */; };
		45AB731E141FC0B1003524C3 /* BeholdAPaleHorseThumbQueue.m in Sources */ = {isa = PBXBuildFile; fileRef = 45AB7304141FC0B1003524C3 /* BeholdAPaleHorseThumbQueue.m */; };
		45AB731F141FC0B1003524C3 /* BeholdAPaleHorseThumbRender.m in Sources */ = {isa = PBXBuildFile; fileRef = 45AB7306141FC0B1003524C3 /* BeholdAPaleHorseThumbRender.m */; };
		45AB7320141FC0B1003524C3 /* BeholdAPaleHorseThumbRequest.m in Sources */ = {isa = PBXBuildFile; fileRef = 45AB7308141FC0B1003524C3 /* BeholdAPaleHorseThumbRequest.m */; };
		45AB7321141FC0B1003524C3 /* BeholdAPaleHorseThumbsView.m in Sources */ = {isa = PBXBuildFile; fileRef = 45AB730A141FC0B1003524C3 /* BeholdAPaleHorseThumbsView.m */; };
		45AB7322141FC0B1003524C3 /* BeholdAPaleHorseThumbView.m in Sources */ = {isa = PBXBuildFile; fileRef = 45AB730C141FC0B1003524C3 /* BeholdAPaleHorseThumbView.m */; };
		45AB7323141FC0B1003524C3 /* BeholdAPaleHorseViewController.m in Sources */ = {isa = PBXBuildFile; fileRef = 45AB730E141FC0B1003524C3 /* BeholdAPaleHorseViewController.m */; };
		45AB7324141FC0B1003524C3 /* ThumbsMainToolbar.m in Sources */ = {isa = PBXBuildFile; fileRef = 45AB7310141FC0B1003524C3 /* ThumbsMainToolbar.m */; };
		45AB7325141FC0B1003524C3 /* ThumbsViewController.m in Sources */ = {isa = PBXBuildFile; fileRef = 45AB7312141FC0B1003524C3 /* ThumbsViewController.m */; };
		45BD5AFE13AE721A00D6FE97 /* MessageUI.framework in Frameworks */ = {isa = PBXBuildFile; fileRef = 45BD5AFD13AE721A00D6FE97 /* MessageUI.framework */; };
		45D5AD9F1610E66B00706B9A /* HISTORY.md in Resources */ = {isa = PBXBuildFile; fileRef = 45D5AD9E1610E66B00706B9A /* HISTORY.md */; };
		45D5ADA31610EADD00706B9A /* BeholdAPaleHorseDocumentOutline.m in Sources */ = {isa = PBXBuildFile; fileRef = 45D5ADA21610EADC00706B9A /* BeholdAPaleHorseDocumentOutline.m */; };
		48EAB06019AD9CC600282881 /* BeholdAPaleHorse.pdf in Resources */ = {isa = PBXBuildFile; fileRef = 48EAB05F19AD9CC600282881 /* BeholdAPaleHorse.pdf */; };
		48FB13C819ADA1E500EDDCEE /* Icon-29.png in Resources */ = {isa = PBXBuildFile; fileRef = 48FB13BA19ADA1E500EDDCEE /* Icon-29.png */; };
		48FB13C919ADA1E500EDDCEE /* Icon-29@2x.png in Resources */ = {isa = PBXBuildFile; fileRef = 48FB13BB19ADA1E500EDDCEE /* Icon-29@2x.png */; };
		48FB13CA19ADA1E500EDDCEE /* Icon-40.png in Resources */ = {isa = PBXBuildFile; fileRef = 48FB13BC19ADA1E500EDDCEE /* Icon-40.png */; };
		48FB13CB19ADA1E500EDDCEE /* Icon-40@2x.png in Resources */ = {isa = PBXBuildFile; fileRef = 48FB13BD19ADA1E500EDDCEE /* Icon-40@2x.png */; };
		48FB13CC19ADA1E500EDDCEE /* Icon-50.png in Resources */ = {isa = PBXBuildFile; fileRef = 48FB13BE19ADA1E500EDDCEE /* Icon-50.png */; };
		48FB13CD19ADA1E500EDDCEE /* Icon-50@2x.png in Resources */ = {isa = PBXBuildFile; fileRef = 48FB13BF19ADA1E500EDDCEE /* Icon-50@2x.png */; };
		48FB13CE19ADA1E500EDDCEE /* Icon-60.png in Resources */ = {isa = PBXBuildFile; fileRef = 48FB13C019ADA1E500EDDCEE /* Icon-60.png */; };
		48FB13CF19ADA1E500EDDCEE /* Icon-60@2x.png in Resources */ = {isa = PBXBuildFile; fileRef = 48FB13C119ADA1E500EDDCEE /* Icon-60@2x.png */; };
		48FB13D019ADA1E500EDDCEE /* Icon-72.png in Resources */ = {isa = PBXBuildFile; fileRef = 48FB13C219ADA1E500EDDCEE /* Icon-72.png */; };
		48FB13D119ADA1E500EDDCEE /* Icon-72@2x.png in Resources */ = {isa = PBXBuildFile; fileRef = 48FB13C319ADA1E500EDDCEE /* Icon-72@2x.png */; };
		48FB13D219ADA1E500EDDCEE /* Icon-76.png in Resources */ = {isa = PBXBuildFile; fileRef = 48FB13C419ADA1E500EDDCEE /* Icon-76.png */; };
		48FB13D319ADA1E500EDDCEE /* Icon-76@2x.png in Resources */ = {isa = PBXBuildFile; fileRef = 48FB13C519ADA1E500EDDCEE /* Icon-76@2x.png */; };
		48FB13D419ADA1E500EDDCEE /* Icon.png in Resources */ = {isa = PBXBuildFile; fileRef = 48FB13C619ADA1E500EDDCEE /* Icon.png */; };
		48FB13D519ADA1E500EDDCEE /* Icon@2x.png in Resources */ = {isa = PBXBuildFile; fileRef = 48FB13C719ADA1E500EDDCEE /* Icon@2x.png */; };
/* End PBXBuildFile section */

/* Begin PBXFileReference section */
		1D30AB110D05D00D00671497 /* Foundation.framework */ = {isa = PBXFileReference; lastKnownFileType = wrapper.framework; name = Foundation.framework; path = System/Library/Frameworks/Foundation.framework; sourceTree = SDKROOT; };
		1D6058910D05DD3D006BFB54 /* BAPH.app */ = {isa = PBXFileReference; explicitFileType = wrapper.application; includeInIndex = 0; path = BAPH.app; sourceTree = BUILT_PRODUCTS_DIR; };
		1DF5F4DF0D08C38300B7A737 /* UIKit.framework */ = {isa = PBXFileReference; lastKnownFileType = wrapper.framework; name = UIKit.framework; path = System/Library/Frameworks/UIKit.framework; sourceTree = SDKROOT; };
		288765FC0DF74451002DB57D /* CoreGraphics.framework */ = {isa = PBXFileReference; lastKnownFileType = wrapper.framework; name = CoreGraphics.framework; path = System/Library/Frameworks/CoreGraphics.framework; sourceTree = SDKROOT; };
		29B97316FDCFA39411CA2CEA /* main.m */ = {isa = PBXFileReference; fileEncoding = 4; lastKnownFileType = sourcecode.c.objc; path = main.m; sourceTree = "<group>"; };
		32CA4F630368D1EE00C91783 /* BeholdAPaleHorse-Prefix.pch */ = {isa = PBXFileReference; fileEncoding = 4; lastKnownFileType = sourcecode.c.h; path = "BeholdAPaleHorse-Prefix.pch"; sourceTree = "<group>"; };
		450A670311D27B9D00014BF5 /* QuartzCore.framework */ = {isa = PBXFileReference; lastKnownFileType = wrapper.framework; name = QuartzCore.framework; path = System/Library/Frameworks/QuartzCore.framework; sourceTree = SDKROOT; };
		4541A9D5122EA686001A5E60 /* en */ = {isa = PBXFileReference; fileEncoding = 10; indentWidth = 4; lastKnownFileType = text.plist.strings; name = en; path = Resources/en.lproj/Localizable.strings; sourceTree = "<group>"; tabWidth = 4; };
		4544D87B1610A3C2003DB132 /* Default-568h@2x.png */ = {isa = PBXFileReference; lastKnownFileType = image.png; name = "Default-568h@2x.png"; path = "Graphics/Default-568h@2x.png"; sourceTree = "<group>"; };
		4555C74A14211A00005F448D /* BeholdAPaleHorseBookDelegate.h */ = {isa = PBXFileReference; fileEncoding = 4; lastKnownFileType = sourcecode.c.h; path = BeholdAPaleHorseBookDelegate.h; sourceTree = "<group>"; };
		4555C74B14211A00005F448D /* BeholdAPaleHorseBookDelegate.m */ = {isa = PBXFileReference; fileEncoding = 4; lastKnownFileType = sourcecode.c.objc; path = BeholdAPaleHorseBookDelegate.m; sourceTree = "<group>"; };
		455C788F142687CA0053D73B /* UIXToolbarView.h */ = {isa = PBXFileReference; fileEncoding = 4; lastKnownFileType = sourcecode.c.h; name = UIXToolbarView.h; path = Sources/UIXToolbarView.h; sourceTree = "<group>"; };
		455C7890142687CA0053D73B /* UIXToolbarView.m */ = {isa = PBXFileReference; fileEncoding = 4; lastKnownFileType = sourcecode.c.objc; name = UIXToolbarView.m; path = Sources/UIXToolbarView.m; sourceTree = "<group>"; };
		455C789914268F6A0053D73B /* BeholdAPaleHorse-Button-H.png */ = {isa = PBXFileReference; lastKnownFileType = image.png; name = "BeholdAPaleHorse-Button-H.png"; path = "Graphics/BeholdAPaleHorse-Button-H.png"; sourceTree = "<group>"; };
		455C789A14268F6A0053D73B /* BeholdAPaleHorse-Button-H@2x.png */ = {isa = PBXFileReference; lastKnownFileType = image.png; name = "BeholdAPaleHorse-Button-H@2x.png"; path = "Graphics/BeholdAPaleHorse-Button-H@2x.png"; sourceTree = "<group>"; };
		455C789B14268F6A0053D73B /* BeholdAPaleHorse-Button-N.png */ = {isa = PBXFileReference; lastKnownFileType = image.png; name = "BeholdAPaleHorse-Button-N.png"; path = "Graphics/BeholdAPaleHorse-Button-N.png"; sourceTree = "<group>"; };
		455C789C14268F6A0053D73B /* BeholdAPaleHorse-Button-N@2x.png */ = {isa = PBXFileReference; lastKnownFileType = image.png; name = "BeholdAPaleHorse-Button-N@2x.png"; path = "Graphics/BeholdAPaleHorse-Button-N@2x.png"; sourceTree = "<group>"; };
		458BF155143E077500CDF567 /* de */ = {isa = PBXFileReference; lastKnownFileType = text.plist.strings; name = de; path = Resources/de.lproj/Localizable.strings; sourceTree = "<group>"; };
		458DDFD6140D45FA00C5DA94 /* ImageIO.framework */ = {isa = PBXFileReference; lastKnownFileType = wrapper.framework; name = ImageIO.framework; path = System/Library/Frameworks/ImageIO.framework; sourceTree = SDKROOT; };
		45AB72BC141FBFCA003524C3 /* BeholdAPaleHorse-Email.png */ = {isa = PBXFileReference; lastKnownFileType = image.png; name = "BeholdAPaleHorse-Email.png"; path = "Graphics/BeholdAPaleHorse-Email.png"; sourceTree = "<group>"; };
		45AB72BD141FBFCA003524C3 /* BeholdAPaleHorse-Email@2x.png */ = {isa = PBXFileReference; lastKnownFileType = image.png; name = "BeholdAPaleHorse-Email@2x.png"; path = "Graphics/BeholdAPaleHorse-Email@2x.png"; sourceTree = "<group>"; };
		45AB72BE141FBFCA003524C3 /* BeholdAPaleHorse-Mark-N.png */ = {isa = PBXFileReference; lastKnownFileType = image.png; name = "BeholdAPaleHorse-Mark-N.png"; path = "Graphics/BeholdAPaleHorse-Mark-N.png"; sourceTree = "<group>"; };
		45AB72BF141FBFCA003524C3 /* BeholdAPaleHorse-Mark-N@2x.png */ = {isa = PBXFileReference; lastKnownFileType = image.png; name = "BeholdAPaleHorse-Mark-N@2x.png"; path = "Graphics/BeholdAPaleHorse-Mark-N@2x.png"; sourceTree = "<group>"; };
		45AB72C0141FBFCA003524C3 /* BeholdAPaleHorse-Mark-Y.png */ = {isa = PBXFileReference; lastKnownFileType = image.png; name = "BeholdAPaleHorse-Mark-Y.png"; path = "Graphics/BeholdAPaleHorse-Mark-Y.png"; sourceTree = "<group>"; };
		45AB72C1141FBFCA003524C3 /* BeholdAPaleHorse-Mark-Y@2x.png */ = {isa = PBXFileReference; lastKnownFileType = image.png; name = "BeholdAPaleHorse-Mark-Y@2x.png"; path = "Graphics/BeholdAPaleHorse-Mark-Y@2x.png"; sourceTree = "<group>"; };
		45AB72C2141FBFCA003524C3 /* BeholdAPaleHorse-Print.png */ = {isa = PBXFileReference; lastKnownFileType = image.png; name = "BeholdAPaleHorse-Print.png"; path = "Graphics/BeholdAPaleHorse-Print.png"; sourceTree = "<group>"; };
		45AB72C3141FBFCA003524C3 /* BeholdAPaleHorse-Print@2x.png */ = {isa = PBXFileReference; lastKnownFileType = image.png; name = "BeholdAPaleHorse-Print@2x.png"; path = "Graphics/BeholdAPaleHorse-Print@2x.png"; sourceTree = "<group>"; };
		45AB72C4141FBFCA003524C3 /* BeholdAPaleHorse-Thumbs.png */ = {isa = PBXFileReference; lastKnownFileType = image.png; name = "BeholdAPaleHorse-Thumbs.png"; path = "Graphics/BeholdAPaleHorse-Thumbs.png"; sourceTree = "<group>"; };
		45AB72C5141FBFCA003524C3 /* BeholdAPaleHorse-Thumbs@2x.png */ = {isa = PBXFileReference; lastKnownFileType = image.png; name = "BeholdAPaleHorse-Thumbs@2x.png"; path = "Graphics/BeholdAPaleHorse-Thumbs@2x.png"; sourceTree = "<group>"; };
		45AB72DD141FC043003524C3 /* LICENSE.md */ = {isa = PBXFileReference; fileEncoding = 4; indentWidth = 8; lastKnownFileType = text; path = LICENSE.md; sourceTree = "<group>"; tabWidth = 8; };
		45AB72DF141FC04B003524C3 /* README.md */ = {isa = PBXFileReference; fileEncoding = 4; indentWidth = 8; lastKnownFileType = text; path = README.md; sourceTree = "<group>"; tabWidth = 8; };
		45AB72E7141FC0A2003524C3 /* BeholdAPaleHorseAppDelegate.h */ = {isa = PBXFileReference; fileEncoding = 4; lastKnownFileType = sourcecode.c.h; path = BeholdAPaleHorseAppDelegate.h; sourceTree = "<group>"; };
		45AB72E8141FC0A2003524C3 /* BeholdAPaleHorseAppDelegate.m */ = {isa = PBXFileReference; fileEncoding = 4; lastKnownFileType = sourcecode.c.objc; path = BeholdAPaleHorseAppDelegate.m; sourceTree = "<group>"; };
		45AB72E9141FC0A2003524C3 /* BeholdAPaleHorseDemoController.h */ = {isa = PBXFileReference; fileEncoding = 4; lastKnownFileType = sourcecode.c.h; path = BeholdAPaleHorseDemoController.h; sourceTree = "<group>"; };
		45AB72EA141FC0A2003524C3 /* BeholdAPaleHorseDemoController.m */ = {isa = PBXFileReference; fileEncoding = 4; lastKnownFileType = sourcecode.c.objc; path = BeholdAPaleHorseDemoController.m; sourceTree = "<group>"; };
		45AB72ED141FC0B1003524C3 /* CGPDFDocument.h */ = {isa = PBXFileReference; fileEncoding = 4; lastKnownFileType = sourcecode.c.h; name = CGPDFDocument.h; path = Sources/CGPDFDocument.h; sourceTree = "<group>"; };
		45AB72EE141FC0B1003524C3 /* CGPDFDocument.m */ = {isa = PBXFileReference; fileEncoding = 4; lastKnownFileType = sourcecode.c.objc; name = CGPDFDocument.m; path = Sources/CGPDFDocument.m; sourceTree = "<group>"; };
		45AB72EF141FC0B1003524C3 /* BeholdAPaleHorseConstants.h */ = {isa = PBXFileReference; fileEncoding = 4; lastKnownFileType = sourcecode.c.h; name = BeholdAPaleHorseConstants.h; path = Sources/BeholdAPaleHorseConstants.h; sourceTree = "<group>"; };
		45AB72F0141FC0B1003524C3 /* BeholdAPaleHorseConstants.m */ = {isa = PBXFileReference; fileEncoding = 4; lastKnownFileType = sourcecode.c.objc; name = BeholdAPaleHorseConstants.m; path = Sources/BeholdAPaleHorseConstants.m; sourceTree = "<group>"; };
		45AB72F1141FC0B1003524C3 /* BeholdAPaleHorseContentPage.h */ = {isa = PBXFileReference; fileEncoding = 4; lastKnownFileType = sourcecode.c.h; name = BeholdAPaleHorseContentPage.h; path = Sources/BeholdAPaleHorseContentPage.h; sourceTree = "<group>"; };
		45AB72F2141FC0B1003524C3 /* BeholdAPaleHorseContentPage.m */ = {isa = PBXFileReference; fileEncoding = 4; lastKnownFileType = sourcecode.c.objc; name = BeholdAPaleHorseContentPage.m; path = Sources/BeholdAPaleHorseContentPage.m; sourceTree = "<group>"; };
		45AB72F3141FC0B1003524C3 /* BeholdAPaleHorseContentTile.h */ = {isa = PBXFileReference; fileEncoding = 4; lastKnownFileType = sourcecode.c.h; name = BeholdAPaleHorseContentTile.h; path = Sources/BeholdAPaleHorseContentTile.h; sourceTree = "<group>"; };
		45AB72F4141FC0B1003524C3 /* BeholdAPaleHorseContentTile.m */ = {isa = PBXFileReference; fileEncoding = 4; lastKnownFileType = sourcecode.c.objc; name = BeholdAPaleHorseContentTile.m; path = Sources/BeholdAPaleHorseContentTile.m; sourceTree = "<group>"; };
		45AB72F5141FC0B1003524C3 /* BeholdAPaleHorseContentView.h */ = {isa = PBXFileReference; fileEncoding = 4; lastKnownFileType = sourcecode.c.h; name = BeholdAPaleHorseContentView.h; path = Sources/BeholdAPaleHorseContentView.h; sourceTree = "<group>"; };
		45AB72F6141FC0B1003524C3 /* BeholdAPaleHorseContentView.m */ = {isa = PBXFileReference; fileEncoding = 4; lastKnownFileType = sourcecode.c.objc; name = BeholdAPaleHorseContentView.m; path = Sources/BeholdAPaleHorseContentView.m; sourceTree = "<group>"; };
		45AB72F7141FC0B1003524C3 /* BeholdAPaleHorseDocument.h */ = {isa = PBXFileReference; fileEncoding = 4; lastKnownFileType = sourcecode.c.h; name = BeholdAPaleHorseDocument.h; path = Sources/BeholdAPaleHorseDocument.h; sourceTree = "<group>"; };
		45AB72F8141FC0B1003524C3 /* BeholdAPaleHorseDocument.m */ = {isa = PBXFileReference; fileEncoding = 4; lastKnownFileType = sourcecode.c.objc; name = BeholdAPaleHorseDocument.m; path = Sources/BeholdAPaleHorseDocument.m; sourceTree = "<group>"; };
		45AB72F9141FC0B1003524C3 /* BeholdAPaleHorseMainPagebar.h */ = {isa = PBXFileReference; fileEncoding = 4; lastKnownFileType = sourcecode.c.h; name = BeholdAPaleHorseMainPagebar.h; path = Sources/BeholdAPaleHorseMainPagebar.h; sourceTree = "<group>"; };
		45AB72FA141FC0B1003524C3 /* BeholdAPaleHorseMainPagebar.m */ = {isa = PBXFileReference; fileEncoding = 4; lastKnownFileType = sourcecode.c.objc; name = BeholdAPaleHorseMainPagebar.m; path = Sources/BeholdAPaleHorseMainPagebar.m; sourceTree = "<group>"; };
		45AB72FB141FC0B1003524C3 /* BeholdAPaleHorseMainToolbar.h */ = {isa = PBXFileReference; fileEncoding = 4; lastKnownFileType = sourcecode.c.h; name = BeholdAPaleHorseMainToolbar.h; path = Sources/BeholdAPaleHorseMainToolbar.h; sourceTree = "<group>"; };
		45AB72FC141FC0B1003524C3 /* BeholdAPaleHorseMainToolbar.m */ = {isa = PBXFileReference; fileEncoding = 4; lastKnownFileType = sourcecode.c.objc; name = BeholdAPaleHorseMainToolbar.m; path = Sources/BeholdAPaleHorseMainToolbar.m; sourceTree = "<group>"; };
		45AB72FF141FC0B1003524C3 /* BeholdAPaleHorseThumbCache.h */ = {isa = PBXFileReference; fileEncoding = 4; lastKnownFileType = sourcecode.c.h; name = BeholdAPaleHorseThumbCache.h; path = Sources/BeholdAPaleHorseThumbCache.h; sourceTree = "<group>"; };
		45AB7300141FC0B1003524C3 /* BeholdAPaleHorseThumbCache.m */ = {isa = PBXFileReference; fileEncoding = 4; lastKnownFileType = sourcecode.c.objc; name = BeholdAPaleHorseThumbCache.m; path = Sources/BeholdAPaleHorseThumbCache.m; sourceTree = "<group>"; };
		45AB7301141FC0B1003524C3 /* BeholdAPaleHorseThumbFetch.h */ = {isa = PBXFileReference; fileEncoding = 4; lastKnownFileType = sourcecode.c.h; name = BeholdAPaleHorseThumbFetch.h; path = Sources/BeholdAPaleHorseThumbFetch.h; sourceTree = "<group>"; };
		45AB7302141FC0B1003524C3 /* BeholdAPaleHorseThumbFetch.m */ = {isa = PBXFileReference; fileEncoding = 4; lastKnownFileType = sourcecode.c.objc; name = BeholdAPaleHorseThumbFetch.m; path = Sources/BeholdAPaleHorseThumbFetch.m; sourceTree = "<group>"; };
		45AB7303141FC0B1003524C3 /* BeholdAPaleHorseThumbQueue.h */ = {isa = PBXFileReference; fileEncoding = 4; lastKnownFileType = sourcecode.c.h; name = BeholdAPaleHorseThumbQueue.h; path = Sources/BeholdAPaleHorseThumbQueue.h; sourceTree = "<group>"; };
		45AB7304141FC0B1003524C3 /* BeholdAPaleHorseThumbQueue.m */ = {isa = PBXFileReference; fileEncoding = 4; lastKnownFileType = sourcecode.c.objc; name = BeholdAPaleHorseThumbQueue.m; path = Sources/BeholdAPaleHorseThumbQueue.m; sourceTree = "<group>"; };
		45AB7305141FC0B1003524C3 /* BeholdAPaleHorseThumbRender.h */ = {isa = PBXFileReference; fileEncoding = 4; lastKnownFileType = sourcecode.c.h; name = BeholdAPaleHorseThumbRender.h; path = Sources/BeholdAPaleHorseThumbRender.h; sourceTree = "<group>"; };
		45AB7306141FC0B1003524C3 /* BeholdAPaleHorseThumbRender.m */ = {isa = PBXFileReference; fileEncoding = 4; lastKnownFileType = sourcecode.c.objc; name = BeholdAPaleHorseThumbRender.m; path = Sources/BeholdAPaleHorseThumbRender.m; sourceTree = "<group>"; };
		45AB7307141FC0B1003524C3 /* BeholdAPaleHorseThumbRequest.h */ = {isa = PBXFileReference; fileEncoding = 4; lastKnownFileType = sourcecode.c.h; name = BeholdAPaleHorseThumbRequest.h; path = Sources/BeholdAPaleHorseThumbRequest.h; sourceTree = "<group>"; };
		45AB7308141FC0B1003524C3 /* BeholdAPaleHorseThumbRequest.m */ = {isa = PBXFileReference; fileEncoding = 4; lastKnownFileType = sourcecode.c.objc; name = BeholdAPaleHorseThumbRequest.m; path = Sources/BeholdAPaleHorseThumbRequest.m; sourceTree = "<group>"; };
		45AB7309141FC0B1003524C3 /* BeholdAPaleHorseThumbsView.h */ = {isa = PBXFileReference; fileEncoding = 4; lastKnownFileType = sourcecode.c.h; name = BeholdAPaleHorseThumbsView.h; path = Sources/BeholdAPaleHorseThumbsView.h; sourceTree = "<group>"; };
		45AB730A141FC0B1003524C3 /* BeholdAPaleHorseThumbsView.m */ = {isa = PBXFileReference; fileEncoding = 4; lastKnownFileType = sourcecode.c.objc; name = BeholdAPaleHorseThumbsView.m; path = Sources/BeholdAPaleHorseThumbsView.m; sourceTree = "<group>"; };
		45AB730B141FC0B1003524C3 /* BeholdAPaleHorseThumbView.h */ = {isa = PBXFileReference; fileEncoding = 4; lastKnownFileType = sourcecode.c.h; name = BeholdAPaleHorseThumbView.h; path = Sources/BeholdAPaleHorseThumbView.h; sourceTree = "<group>"; };
		45AB730C141FC0B1003524C3 /* BeholdAPaleHorseThumbView.m */ = {isa = PBXFileReference; fileEncoding = 4; lastKnownFileType = sourcecode.c.objc; name = BeholdAPaleHorseThumbView.m; path = Sources/BeholdAPaleHorseThumbView.m; sourceTree = "<group>"; };
		45AB730D141FC0B1003524C3 /* BeholdAPaleHorseViewController.h */ = {isa = PBXFileReference; fileEncoding = 4; lastKnownFileType = sourcecode.c.h; name = BeholdAPaleHorseViewController.h; path = Sources/BeholdAPaleHorseViewController.h; sourceTree = "<group>"; };
		45AB730E141FC0B1003524C3 /* BeholdAPaleHorseViewController.m */ = {isa = PBXFileReference; fileEncoding = 4; lastKnownFileType = sourcecode.c.objc; name = BeholdAPaleHorseViewController.m; path = Sources/BeholdAPaleHorseViewController.m; sourceTree = "<group>"; };
		45AB730F141FC0B1003524C3 /* ThumbsMainToolbar.h */ = {isa = PBXFileReference; fileEncoding = 4; lastKnownFileType = sourcecode.c.h; name = ThumbsMainToolbar.h; path = Sources/ThumbsMainToolbar.h; sourceTree = "<group>"; };
		45AB7310141FC0B1003524C3 /* ThumbsMainToolbar.m */ = {isa = PBXFileReference; fileEncoding = 4; lastKnownFileType = sourcecode.c.objc; name = ThumbsMainToolbar.m; path = Sources/ThumbsMainToolbar.m; sourceTree = "<group>"; };
		45AB7311141FC0B1003524C3 /* ThumbsViewController.h */ = {isa = PBXFileReference; fileEncoding = 4; lastKnownFileType = sourcecode.c.h; name = ThumbsViewController.h; path = Sources/ThumbsViewController.h; sourceTree = "<group>"; };
		45AB7312141FC0B1003524C3 /* ThumbsViewController.m */ = {isa = PBXFileReference; fileEncoding = 4; lastKnownFileType = sourcecode.c.objc; name = ThumbsViewController.m; path = Sources/ThumbsViewController.m; sourceTree = "<group>"; };
		45BD5AFD13AE721A00D6FE97 /* MessageUI.framework */ = {isa = PBXFileReference; lastKnownFileType = wrapper.framework; name = MessageUI.framework; path = System/Library/Frameworks/MessageUI.framework; sourceTree = SDKROOT; };
		45D5AD9E1610E66B00706B9A /* HISTORY.md */ = {isa = PBXFileReference; fileEncoding = 4; lastKnownFileType = text; path = HISTORY.md; sourceTree = "<group>"; };
		45D5ADA11610EADC00706B9A /* BeholdAPaleHorseDocumentOutline.h */ = {isa = PBXFileReference; fileEncoding = 4; lastKnownFileType = sourcecode.c.h; name = BeholdAPaleHorseDocumentOutline.h; path = Sources/BeholdAPaleHorseDocumentOutline.h; sourceTree = "<group>"; };
		45D5ADA21610EADC00706B9A /* BeholdAPaleHorseDocumentOutline.m */ = {isa = PBXFileReference; fileEncoding = 4; lastKnownFileType = sourcecode.c.objc; name = BeholdAPaleHorseDocumentOutline.m; path = Sources/BeholdAPaleHorseDocumentOutline.m; sourceTree = "<group>"; };
		48EAB05F19AD9CC600282881 /* BeholdAPaleHorse.pdf */ = {isa = PBXFileReference; lastKnownFileType = image.pdf; name = BeholdAPaleHorse.pdf; path = ../BeholdAPaleHorse.pdf; sourceTree = "<group>"; };
		48FB13BA19ADA1E500EDDCEE /* Icon-29.png */ = {isa = PBXFileReference; lastKnownFileType = image.png; name = "Icon-29.png"; path = "Graphics/Icon-29.png"; sourceTree = "<group>"; };
		48FB13BB19ADA1E500EDDCEE /* Icon-29@2x.png */ = {isa = PBXFileReference; lastKnownFileType = image.png; name = "Icon-29@2x.png"; path = "Graphics/Icon-29@2x.png"; sourceTree = "<group>"; };
		48FB13BC19ADA1E500EDDCEE /* Icon-40.png */ = {isa = PBXFileReference; lastKnownFileType = image.png; name = "Icon-40.png"; path = "Graphics/Icon-40.png"; sourceTree = "<group>"; };
		48FB13BD19ADA1E500EDDCEE /* Icon-40@2x.png */ = {isa = PBXFileReference; lastKnownFileType = image.png; name = "Icon-40@2x.png"; path = "Graphics/Icon-40@2x.png"; sourceTree = "<group>"; };
		48FB13BE19ADA1E500EDDCEE /* Icon-50.png */ = {isa = PBXFileReference; lastKnownFileType = image.png; name = "Icon-50.png"; path = "Graphics/Icon-50.png"; sourceTree = "<group>"; };
		48FB13BF19ADA1E500EDDCEE /* Icon-50@2x.png */ = {isa = PBXFileReference; lastKnownFileType = image.png; name = "Icon-50@2x.png"; path = "Graphics/Icon-50@2x.png"; sourceTree = "<group>"; };
		48FB13C019ADA1E500EDDCEE /* Icon-60.png */ = {isa = PBXFileReference; lastKnownFileType = image.png; name = "Icon-60.png"; path = "Graphics/Icon-60.png"; sourceTree = "<group>"; };
		48FB13C119ADA1E500EDDCEE /* Icon-60@2x.png */ = {isa = PBXFileReference; lastKnownFileType = image.png; name = "Icon-60@2x.png"; path = "Graphics/Icon-60@2x.png"; sourceTree = "<group>"; };
		48FB13C219ADA1E500EDDCEE /* Icon-72.png */ = {isa = PBXFileReference; lastKnownFileType = image.png; name = "Icon-72.png"; path = "Graphics/Icon-72.png"; sourceTree = "<group>"; };
		48FB13C319ADA1E500EDDCEE /* Icon-72@2x.png */ = {isa = PBXFileReference; lastKnownFileType = image.png; name = "Icon-72@2x.png"; path = "Graphics/Icon-72@2x.png"; sourceTree = "<group>"; };
		48FB13C419ADA1E500EDDCEE /* Icon-76.png */ = {isa = PBXFileReference; lastKnownFileType = image.png; name = "Icon-76.png"; path = "Graphics/Icon-76.png"; sourceTree = "<group>"; };
		48FB13C519ADA1E500EDDCEE /* Icon-76@2x.png */ = {isa = PBXFileReference; lastKnownFileType = image.png; name = "Icon-76@2x.png"; path = "Graphics/Icon-76@2x.png"; sourceTree = "<group>"; };
		48FB13C619ADA1E500EDDCEE /* Icon.png */ = {isa = PBXFileReference; lastKnownFileType = image.png; name = Icon.png; path = Graphics/Icon.png; sourceTree = "<group>"; };
		48FB13C719ADA1E500EDDCEE /* Icon@2x.png */ = {isa = PBXFileReference; lastKnownFileType = image.png; name = "Icon@2x.png"; path = "Graphics/Icon@2x.png"; sourceTree = "<group>"; };
		8D1107310486CEB800E47090 /* BeholdAPaleHorse-Info.plist */ = {isa = PBXFileReference; fileEncoding = 4; lastKnownFileType = text.plist.xml; path = "BeholdAPaleHorse-Info.plist"; plistStructureDefinitionIdentifier = "com.apple.xcode.plist.structure-definition.iphone.info-plist"; sourceTree = "<group>"; };
/* End PBXFileReference section */

/* Begin PBXFrameworksBuildPhase section */
		1D60588F0D05DD3D006BFB54 /* Frameworks */ = {
			isa = PBXFrameworksBuildPhase;
			buildActionMask = 2147483647;
			files = (
				1DF5F4E00D08C38300B7A737 /* UIKit.framework in Frameworks */,
				1D60589F0D05DD5A006BFB54 /* Foundation.framework in Frameworks */,
				288765FD0DF74451002DB57D /* CoreGraphics.framework in Frameworks */,
				450A670411D27B9D00014BF5 /* QuartzCore.framework in Frameworks */,
				45BD5AFE13AE721A00D6FE97 /* MessageUI.framework in Frameworks */,
				458DDFD7140D45FA00C5DA94 /* ImageIO.framework in Frameworks */,
			);
			runOnlyForDeploymentPostprocessing = 0;
		};
/* End PBXFrameworksBuildPhase section */

/* Begin PBXGroup section */
		080E96DDFE201D6D7F000001 /* Classes */ = {
			isa = PBXGroup;
			children = (
				45AB72E7141FC0A2003524C3 /* BeholdAPaleHorseAppDelegate.h */,
				45AB72E8141FC0A2003524C3 /* BeholdAPaleHorseAppDelegate.m */,
				45AB72E9141FC0A2003524C3 /* BeholdAPaleHorseDemoController.h */,
				45AB72EA141FC0A2003524C3 /* BeholdAPaleHorseDemoController.m */,
				4555C74A14211A00005F448D /* BeholdAPaleHorseBookDelegate.h */,
				4555C74B14211A00005F448D /* BeholdAPaleHorseBookDelegate.m */,
			);
			path = Classes;
			sourceTree = "<group>";
		};
		19C28FACFE9D520D11CA2CBB /* Products */ = {
			isa = PBXGroup;
			children = (
				1D6058910D05DD3D006BFB54 /* BAPH.app */,
			);
			name = Products;
			sourceTree = "<group>";
		};
		29B97314FDCFA39411CA2CEA /* CustomTemplate */ = {
			isa = PBXGroup;
			children = (
				080E96DDFE201D6D7F000001 /* Classes */,
				45943FC217FDC9ED003CC77A /* BeholdAPaleHorse */,
				29B97315FDCFA39411CA2CEA /* Support Files */,
				29B97317FDCFA39411CA2CEA /* Resources */,
				450A66D911D27B5800014BF5 /* Graphics */,
				29B97323FDCFA39411CA2CEA /* Frameworks */,
				19C28FACFE9D520D11CA2CBB /* Products */,
			);
			name = CustomTemplate;
			sourceTree = "<group>";
		};
		29B97315FDCFA39411CA2CEA /* Support Files */ = {
			isa = PBXGroup;
			children = (
				8D1107310486CEB800E47090 /* BeholdAPaleHorse-Info.plist */,
				32CA4F630368D1EE00C91783 /* BeholdAPaleHorse-Prefix.pch */,
				29B97316FDCFA39411CA2CEA /* main.m */,
			);
			name = "Support Files";
			sourceTree = "<group>";
		};
		29B97317FDCFA39411CA2CEA /* Resources */ = {
			isa = PBXGroup;
			children = (
				48EAB05F19AD9CC600282881 /* BeholdAPaleHorse.pdf */,
				4541A9D7122EA716001A5E60 /* Localizable.strings */,
				45AB72DF141FC04B003524C3 /* README.md */,
				45D5AD9E1610E66B00706B9A /* HISTORY.md */,
				45AB72DD141FC043003524C3 /* LICENSE.md */,
			);
			name = Resources;
			sourceTree = "<group>";
		};
		29B97323FDCFA39411CA2CEA /* Frameworks */ = {
			isa = PBXGroup;
			children = (
				1DF5F4DF0D08C38300B7A737 /* UIKit.framework */,
				1D30AB110D05D00D00671497 /* Foundation.framework */,
				288765FC0DF74451002DB57D /* CoreGraphics.framework */,
				450A670311D27B9D00014BF5 /* QuartzCore.framework */,
				45BD5AFD13AE721A00D6FE97 /* MessageUI.framework */,
				458DDFD6140D45FA00C5DA94 /* ImageIO.framework */,
			);
			name = Frameworks;
			sourceTree = "<group>";
		};
		450A66D911D27B5800014BF5 /* Graphics */ = {
			isa = PBXGroup;
			children = (
				45943FC317FDCA36003CC77A /* App */,
				45943FC417FDCA3E003CC77A /* BeholdAPaleHorse */,
			);
			name = Graphics;
			sourceTree = "<group>";
		};
		45943FC217FDC9ED003CC77A /* BeholdAPaleHorse */ = {
			isa = PBXGroup;
			children = (
				45BD5A7C13AE6C3B00D6FE97 /* Sources */,
				45CED630140BD22A0092F460 /* Support */,
			);
			name = BeholdAPaleHorse;
			sourceTree = "<group>";
		};
		45943FC317FDCA36003CC77A /* App */ = {
			isa = PBXGroup;
			children = (
				48FB13BA19ADA1E500EDDCEE /* Icon-29.png */,
				48FB13BB19ADA1E500EDDCEE /* Icon-29@2x.png */,
				48FB13BC19ADA1E500EDDCEE /* Icon-40.png */,
				48FB13BD19ADA1E500EDDCEE /* Icon-40@2x.png */,
				48FB13BE19ADA1E500EDDCEE /* Icon-50.png */,
				48FB13BF19ADA1E500EDDCEE /* Icon-50@2x.png */,
				48FB13C019ADA1E500EDDCEE /* Icon-60.png */,
				48FB13C119ADA1E500EDDCEE /* Icon-60@2x.png */,
				48FB13C219ADA1E500EDDCEE /* Icon-72.png */,
				48FB13C319ADA1E500EDDCEE /* Icon-72@2x.png */,
				48FB13C419ADA1E500EDDCEE /* Icon-76.png */,
				48FB13C519ADA1E500EDDCEE /* Icon-76@2x.png */,
				48FB13C619ADA1E500EDDCEE /* Icon.png */,
				48FB13C719ADA1E500EDDCEE /* Icon@2x.png */,
				4544D87B1610A3C2003DB132 /* Default-568h@2x.png */,
			);
			name = App;
			sourceTree = "<group>";
		};
		45943FC417FDCA3E003CC77A /* BeholdAPaleHorse */ = {
			isa = PBXGroup;
			children = (
				455C789914268F6A0053D73B /* BeholdAPaleHorse-Button-H.png */,
				455C789A14268F6A0053D73B /* BeholdAPaleHorse-Button-H@2x.png */,
				455C789B14268F6A0053D73B /* BeholdAPaleHorse-Button-N.png */,
				455C789C14268F6A0053D73B /* BeholdAPaleHorse-Button-N@2x.png */,
				45AB72BC141FBFCA003524C3 /* BeholdAPaleHorse-Email.png */,
				45AB72BD141FBFCA003524C3 /* BeholdAPaleHorse-Email@2x.png */,
				45AB72BE141FBFCA003524C3 /* BeholdAPaleHorse-Mark-N.png */,
				45AB72BF141FBFCA003524C3 /* BeholdAPaleHorse-Mark-N@2x.png */,
				45AB72C0141FBFCA003524C3 /* BeholdAPaleHorse-Mark-Y.png */,
				45AB72C1141FBFCA003524C3 /* BeholdAPaleHorse-Mark-Y@2x.png */,
				45AB72C2141FBFCA003524C3 /* BeholdAPaleHorse-Print.png */,
				45AB72C3141FBFCA003524C3 /* BeholdAPaleHorse-Print@2x.png */,
				45AB72C4141FBFCA003524C3 /* BeholdAPaleHorse-Thumbs.png */,
				45AB72C5141FBFCA003524C3 /* BeholdAPaleHorse-Thumbs@2x.png */,
			);
			name = BeholdAPaleHorse;
			sourceTree = "<group>";
		};
		45BD5A7C13AE6C3B00D6FE97 /* Sources */ = {
			isa = PBXGroup;
			children = (
				45AB72EF141FC0B1003524C3 /* BeholdAPaleHorseConstants.h */,
				45AB72F0141FC0B1003524C3 /* BeholdAPaleHorseConstants.m */,
				45AB72F7141FC0B1003524C3 /* BeholdAPaleHorseDocument.h */,
				45AB72F8141FC0B1003524C3 /* BeholdAPaleHorseDocument.m */,
				45AB730D141FC0B1003524C3 /* BeholdAPaleHorseViewController.h */,
				45AB730E141FC0B1003524C3 /* BeholdAPaleHorseViewController.m */,
				45AB72FB141FC0B1003524C3 /* BeholdAPaleHorseMainToolbar.h */,
				45AB72FC141FC0B1003524C3 /* BeholdAPaleHorseMainToolbar.m */,
				45AB72F9141FC0B1003524C3 /* BeholdAPaleHorseMainPagebar.h */,
				45AB72FA141FC0B1003524C3 /* BeholdAPaleHorseMainPagebar.m */,
				45AB72F5141FC0B1003524C3 /* BeholdAPaleHorseContentView.h */,
				45AB72F6141FC0B1003524C3 /* BeholdAPaleHorseContentView.m */,
				45AB72F1141FC0B1003524C3 /* BeholdAPaleHorseContentPage.h */,
				45AB72F2141FC0B1003524C3 /* BeholdAPaleHorseContentPage.m */,
				45AB72F3141FC0B1003524C3 /* BeholdAPaleHorseContentTile.h */,
				45AB72F4141FC0B1003524C3 /* BeholdAPaleHorseContentTile.m */,
				45AB7311141FC0B1003524C3 /* ThumbsViewController.h */,
				45AB7312141FC0B1003524C3 /* ThumbsViewController.m */,
				45AB730F141FC0B1003524C3 /* ThumbsMainToolbar.h */,
				45AB7310141FC0B1003524C3 /* ThumbsMainToolbar.m */,
			);
			name = Sources;
			sourceTree = "<group>";
		};
		45CED630140BD22A0092F460 /* Support */ = {
			isa = PBXGroup;
			children = (
				45AB72ED141FC0B1003524C3 /* CGPDFDocument.h */,
				45AB72EE141FC0B1003524C3 /* CGPDFDocument.m */,
				45D5ADA11610EADC00706B9A /* BeholdAPaleHorseDocumentOutline.h */,
				45D5ADA21610EADC00706B9A /* BeholdAPaleHorseDocumentOutline.m */,
				45AB7307141FC0B1003524C3 /* BeholdAPaleHorseThumbRequest.h */,
				45AB7308141FC0B1003524C3 /* BeholdAPaleHorseThumbRequest.m */,
				45AB72FF141FC0B1003524C3 /* BeholdAPaleHorseThumbCache.h */,
				45AB7300141FC0B1003524C3 /* BeholdAPaleHorseThumbCache.m */,
				45AB7303141FC0B1003524C3 /* BeholdAPaleHorseThumbQueue.h */,
				45AB7304141FC0B1003524C3 /* BeholdAPaleHorseThumbQueue.m */,
				45AB7301141FC0B1003524C3 /* BeholdAPaleHorseThumbFetch.h */,
				45AB7302141FC0B1003524C3 /* BeholdAPaleHorseThumbFetch.m */,
				45AB7305141FC0B1003524C3 /* BeholdAPaleHorseThumbRender.h */,
				45AB7306141FC0B1003524C3 /* BeholdAPaleHorseThumbRender.m */,
				45AB7309141FC0B1003524C3 /* BeholdAPaleHorseThumbsView.h */,
				45AB730A141FC0B1003524C3 /* BeholdAPaleHorseThumbsView.m */,
				45AB730B141FC0B1003524C3 /* BeholdAPaleHorseThumbView.h */,
				45AB730C141FC0B1003524C3 /* BeholdAPaleHorseThumbView.m */,
				455C788F142687CA0053D73B /* UIXToolbarView.h */,
				455C7890142687CA0053D73B /* UIXToolbarView.m */,
			);
			name = Support;
			sourceTree = "<group>";
		};
/* End PBXGroup section */

/* Begin PBXNativeTarget section */
		1D6058900D05DD3D006BFB54 /* BeholdAPaleHorse */ = {
			isa = PBXNativeTarget;
			buildConfigurationList = 1D6058960D05DD3E006BFB54 /* Build configuration list for PBXNativeTarget "BeholdAPaleHorse" */;
			buildPhases = (
				1D60588D0D05DD3D006BFB54 /* Resources */,
				1D60588E0D05DD3D006BFB54 /* Sources */,
				1D60588F0D05DD3D006BFB54 /* Frameworks */,
			);
			buildRules = (
			);
			dependencies = (
			);
			name = BeholdAPaleHorse;
			productName = BeholdAPaleHorse;
			productReference = 1D6058910D05DD3D006BFB54 /* BAPH.app */;
			productType = "com.apple.product-type.application";
		};
/* End PBXNativeTarget section */

/* Begin PBXProject section */
		29B97313FDCFA39411CA2CEA /* Project object */ = {
			isa = PBXProject;
			attributes = {
				LastUpgradeCheck = 0500;
			};
			buildConfigurationList = C01FCF4E08A954540054247B /* Build configuration list for PBXProject "BeholdAPaleHorse" */;
			compatibilityVersion = "Xcode 3.2";
			developmentRegion = en;
			hasScannedForEncodings = 1;
			knownRegions = (
				en,
				jp,
				fr,
				de,
			);
			mainGroup = 29B97314FDCFA39411CA2CEA /* CustomTemplate */;
			projectDirPath = "";
			projectRoot = "";
			targets = (
				1D6058900D05DD3D006BFB54 /* BeholdAPaleHorse */,
			);
		};
/* End PBXProject section */

/* Begin PBXResourcesBuildPhase section */
		1D60588D0D05DD3D006BFB54 /* Resources */ = {
			isa = PBXResourcesBuildPhase;
			buildActionMask = 2147483647;
			files = (
				4541A9D8122EA716001A5E60 /* Localizable.strings in Resources */,
				48EAB06019AD9CC600282881 /* BeholdAPaleHorse.pdf in Resources */,
				48FB13D119ADA1E500EDDCEE /* Icon-72@2x.png in Resources */,
				45AB72C9141FBFCA003524C3 /* BeholdAPaleHorse-Email.png in Resources */,
				48FB13CF19ADA1E500EDDCEE /* Icon-60@2x.png in Resources */,
				45AB72CA141FBFCA003524C3 /* BeholdAPaleHorse-Email@2x.png in Resources */,
				48FB13CD19ADA1E500EDDCEE /* Icon-50@2x.png in Resources */,
				45AB72CB141FBFCA003524C3 /* BeholdAPaleHorse-Mark-N.png in Resources */,
				45AB72CC141FBFCA003524C3 /* BeholdAPaleHorse-Mark-N@2x.png in Resources */,
				45AB72CD141FBFCA003524C3 /* BeholdAPaleHorse-Mark-Y.png in Resources */,
				45AB72CE141FBFCA003524C3 /* BeholdAPaleHorse-Mark-Y@2x.png in Resources */,
				48FB13D219ADA1E500EDDCEE /* Icon-76.png in Resources */,
				45AB72CF141FBFCA003524C3 /* BeholdAPaleHorse-Print.png in Resources */,
				48FB13D519ADA1E500EDDCEE /* Icon@2x.png in Resources */,
				45AB72D0141FBFCA003524C3 /* BeholdAPaleHorse-Print@2x.png in Resources */,
				48FB13D319ADA1E500EDDCEE /* Icon-76@2x.png in Resources */,
				45AB72D1141FBFCA003524C3 /* BeholdAPaleHorse-Thumbs.png in Resources */,
				48FB13CA19ADA1E500EDDCEE /* Icon-40.png in Resources */,
				45AB72D2141FBFCA003524C3 /* BeholdAPaleHorse-Thumbs@2x.png in Resources */,
				48FB13CE19ADA1E500EDDCEE /* Icon-60.png in Resources */,
				48FB13D019ADA1E500EDDCEE /* Icon-72.png in Resources */,
				48FB13C919ADA1E500EDDCEE /* Icon-29@2x.png in Resources */,
				45AB72DE141FC043003524C3 /* LICENSE.md in Resources */,
				45AB72E0141FC04B003524C3 /* README.md in Resources */,
				48FB13C819ADA1E500EDDCEE /* Icon-29.png in Resources */,
				48FB13CC19ADA1E500EDDCEE /* Icon-50.png in Resources */,
				455C789D14268F6A0053D73B /* BeholdAPaleHorse-Button-H.png in Resources */,
				455C789E14268F6A0053D73B /* BeholdAPaleHorse-Button-H@2x.png in Resources */,
				455C789F14268F6A0053D73B /* BeholdAPaleHorse-Button-N.png in Resources */,
				455C78A014268F6A0053D73B /* BeholdAPaleHorse-Button-N@2x.png in Resources */,
				48FB13CB19ADA1E500EDDCEE /* Icon-40@2x.png in Resources */,
				48FB13D419ADA1E500EDDCEE /* Icon.png in Resources */,
				4544D87C1610A3C2003DB132 /* Default-568h@2x.png in Resources */,
				45D5AD9F1610E66B00706B9A /* HISTORY.md in Resources */,
			);
			runOnlyForDeploymentPostprocessing = 0;
		};
/* End PBXResourcesBuildPhase section */

/* Begin PBXSourcesBuildPhase section */
		1D60588E0D05DD3D006BFB54 /* Sources */ = {
			isa = PBXSourcesBuildPhase;
			buildActionMask = 2147483647;
			files = (
				1D60589B0D05DD56006BFB54 /* main.m in Sources */,
				45AB72EB141FC0A2003524C3 /* BeholdAPaleHorseAppDelegate.m in Sources */,
				45AB72EC141FC0A2003524C3 /* BeholdAPaleHorseDemoController.m in Sources */,
				45AB7313141FC0B1003524C3 /* CGPDFDocument.m in Sources */,
				45AB7314141FC0B1003524C3 /* BeholdAPaleHorseConstants.m in Sources */,
				45AB7315141FC0B1003524C3 /* BeholdAPaleHorseContentPage.m in Sources */,
				45AB7316141FC0B1003524C3 /* BeholdAPaleHorseContentTile.m in Sources */,
				45AB7317141FC0B1003524C3 /* BeholdAPaleHorseContentView.m in Sources */,
				45AB7318141FC0B1003524C3 /* BeholdAPaleHorseDocument.m in Sources */,
				45AB7319141FC0B1003524C3 /* BeholdAPaleHorseMainPagebar.m in Sources */,
				45AB731A141FC0B1003524C3 /* BeholdAPaleHorseMainToolbar.m in Sources */,
				45AB731C141FC0B1003524C3 /* BeholdAPaleHorseThumbCache.m in Sources */,
				45AB731D141FC0B1003524C3 /* BeholdAPaleHorseThumbFetch.m in Sources */,
				45AB731E141FC0B1003524C3 /* BeholdAPaleHorseThumbQueue.m in Sources */,
				45AB731F141FC0B1003524C3 /* BeholdAPaleHorseThumbRender.m in Sources */,
				45AB7320141FC0B1003524C3 /* BeholdAPaleHorseThumbRequest.m in Sources */,
				45AB7321141FC0B1003524C3 /* BeholdAPaleHorseThumbsView.m in Sources */,
				45AB7322141FC0B1003524C3 /* BeholdAPaleHorseThumbView.m in Sources */,
				45AB7323141FC0B1003524C3 /* BeholdAPaleHorseViewController.m in Sources */,
				45AB7324141FC0B1003524C3 /* ThumbsMainToolbar.m in Sources */,
				45AB7325141FC0B1003524C3 /* ThumbsViewController.m in Sources */,
				4555C74C14211A00005F448D /* BeholdAPaleHorseBookDelegate.m in Sources */,
				455C7891142687CA0053D73B /* UIXToolbarView.m in Sources */,
				45D5ADA31610EADD00706B9A /* BeholdAPaleHorseDocumentOutline.m in Sources */,
			);
			runOnlyForDeploymentPostprocessing = 0;
		};
/* End PBXSourcesBuildPhase section */

/* Begin PBXVariantGroup section */
		4541A9D7122EA716001A5E60 /* Localizable.strings */ = {
			isa = PBXVariantGroup;
			children = (
				4541A9D5122EA686001A5E60 /* en */,
				458BF155143E077500CDF567 /* de */,
			);
			name = Localizable.strings;
			sourceTree = "<group>";
		};
/* End PBXVariantGroup section */

/* Begin XCBuildConfiguration section */
		1D6058940D05DD3E006BFB54 /* Debug */ = {
			isa = XCBuildConfiguration;
			buildSettings = {
				ALWAYS_SEARCH_USER_PATHS = NO;
				CLANG_ENABLE_OBJC_ARC = YES;
				COPY_PHASE_STRIP = NO;
				GCC_DYNAMIC_NO_PIC = NO;
				GCC_OPTIMIZATION_LEVEL = 0;
				GCC_PRECOMPILE_PREFIX_HEADER = YES;
				GCC_PREFIX_HEADER = "BeholdAPaleHorse-Prefix.pch";
				INFOPLIST_FILE = "BeholdAPaleHorse-Info.plist";
				PRODUCT_NAME = BAPH;
			};
			name = Debug;
		};
		1D6058950D05DD3E006BFB54 /* Release */ = {
			isa = XCBuildConfiguration;
			buildSettings = {
				ALWAYS_SEARCH_USER_PATHS = NO;
				CLANG_ENABLE_OBJC_ARC = YES;
				COPY_PHASE_STRIP = YES;
				GCC_PRECOMPILE_PREFIX_HEADER = YES;
				GCC_PREFIX_HEADER = "BeholdAPaleHorse-Prefix.pch";
				INFOPLIST_FILE = "BeholdAPaleHorse-Info.plist";
				PRODUCT_NAME = BAPH;
				VALIDATE_PRODUCT = YES;
			};
			name = Release;
		};
		458529CE13DDE2DF00EDC79D /* Testing */ = {
			isa = XCBuildConfiguration;
			buildSettings = {
				CLANG_WARN_BOOL_CONVERSION = YES;
				CLANG_WARN_CONSTANT_CONVERSION = YES;
				CLANG_WARN_EMPTY_BODY = YES;
				CLANG_WARN_ENUM_CONVERSION = YES;
				CLANG_WARN_INT_CONVERSION = YES;
				CLANG_WARN__DUPLICATE_METHOD_MATCH = YES;
				"CODE_SIGN_IDENTITY[sdk=iphoneos*]" = "iPhone Developer";
				GCC_C_LANGUAGE_STANDARD = c99;
				GCC_MODEL_TUNING = "";
				GCC_PREPROCESSOR_DEFINITIONS = NDEBUG;
				GCC_VERSION = com.apple.compilers.llvm.clang.1_0;
				GCC_WARN_64_TO_32_BIT_CONVERSION = YES;
				GCC_WARN_ABOUT_RETURN_TYPE = YES;
				GCC_WARN_UNDECLARED_SELECTOR = YES;
				GCC_WARN_UNINITIALIZED_AUTOS = YES;
				GCC_WARN_UNUSED_FUNCTION = YES;
				GCC_WARN_UNUSED_VARIABLE = YES;
				IPHONEOS_DEPLOYMENT_TARGET = 6.0;
				OTHER_CFLAGS = "-DNS_BLOCK_ASSERTIONS=1";
				SDKROOT = iphoneos;
				TARGETED_DEVICE_FAMILY = "1,2";
			};
			name = Testing;
		};
		458529CF13DDE2DF00EDC79D /* Testing */ = {
			isa = XCBuildConfiguration;
			buildSettings = {
				ALWAYS_SEARCH_USER_PATHS = NO;
				CLANG_ENABLE_OBJC_ARC = YES;
				COPY_PHASE_STRIP = YES;
				GCC_PRECOMPILE_PREFIX_HEADER = YES;
				GCC_PREFIX_HEADER = "BeholdAPaleHorse-Prefix.pch";
				INFOPLIST_FILE = "BeholdAPaleHorse-Info.plist";
				PRODUCT_NAME = BAPH;
			};
			name = Testing;
		};
		C01FCF4F08A954540054247B /* Debug */ = {
			isa = XCBuildConfiguration;
			buildSettings = {
				CLANG_WARN_BOOL_CONVERSION = YES;
				CLANG_WARN_CONSTANT_CONVERSION = YES;
				CLANG_WARN_EMPTY_BODY = YES;
				CLANG_WARN_ENUM_CONVERSION = YES;
				CLANG_WARN_INT_CONVERSION = YES;
				CLANG_WARN__DUPLICATE_METHOD_MATCH = YES;
				"CODE_SIGN_IDENTITY[sdk=iphoneos*]" = "iPhone Developer";
				GCC_C_LANGUAGE_STANDARD = c99;
				GCC_MODEL_TUNING = "";
				GCC_PREPROCESSOR_DEFINITIONS = DEBUG;
				GCC_VERSION = com.apple.compilers.llvm.clang.1_0;
				GCC_WARN_64_TO_32_BIT_CONVERSION = YES;
				GCC_WARN_ABOUT_RETURN_TYPE = YES;
				GCC_WARN_UNDECLARED_SELECTOR = YES;
				GCC_WARN_UNINITIALIZED_AUTOS = YES;
				GCC_WARN_UNUSED_FUNCTION = YES;
				GCC_WARN_UNUSED_VARIABLE = YES;
				IPHONEOS_DEPLOYMENT_TARGET = 6.0;
				ONLY_ACTIVE_ARCH = YES;
				SDKROOT = iphoneos;
				TARGETED_DEVICE_FAMILY = "1,2";
			};
			name = Debug;
		};
		C01FCF5008A954540054247B /* Release */ = {
			isa = XCBuildConfiguration;
			buildSettings = {
				CLANG_WARN_BOOL_CONVERSION = YES;
				CLANG_WARN_CONSTANT_CONVERSION = YES;
				CLANG_WARN_EMPTY_BODY = YES;
				CLANG_WARN_ENUM_CONVERSION = YES;
				CLANG_WARN_INT_CONVERSION = YES;
				CLANG_WARN__DUPLICATE_METHOD_MATCH = YES;
				"CODE_SIGN_IDENTITY[sdk=iphoneos*]" = "iPhone Developer";
				GCC_C_LANGUAGE_STANDARD = c99;
				GCC_MODEL_TUNING = "";
				GCC_PREPROCESSOR_DEFINITIONS = NDEBUG;
				GCC_VERSION = com.apple.compilers.llvm.clang.1_0;
				GCC_WARN_64_TO_32_BIT_CONVERSION = YES;
				GCC_WARN_ABOUT_RETURN_TYPE = YES;
				GCC_WARN_UNDECLARED_SELECTOR = YES;
				GCC_WARN_UNINITIALIZED_AUTOS = YES;
				GCC_WARN_UNUSED_FUNCTION = YES;
				GCC_WARN_UNUSED_VARIABLE = YES;
				IPHONEOS_DEPLOYMENT_TARGET = 6.0;
				OTHER_CFLAGS = "-DNS_BLOCK_ASSERTIONS=1";
				SDKROOT = iphoneos;
				TARGETED_DEVICE_FAMILY = "1,2";
			};
			name = Release;
		};
/* End XCBuildConfiguration section */

/* Begin XCConfigurationList section */
		1D6058960D05DD3E006BFB54 /* Build configuration list for PBXNativeTarget "BeholdAPaleHorse" */ = {
			isa = XCConfigurationList;
			buildConfigurations = (
				1D6058940D05DD3E006BFB54 /* Debug */,
				458529CF13DDE2DF00EDC79D /* Testing */,
				1D6058950D05DD3E006BFB54 /* Release */,
			);
			defaultConfigurationIsVisible = 0;
			defaultConfigurationName = Release;
		};
		C01FCF4E08A954540054247B /* Build configuration list for PBXProject "BeholdAPaleHorse" */ = {
			isa = XCConfigurationList;
			buildConfigurations = (
				C01FCF4F08A954540054247B /* Debug */,
				458529CE13DDE2DF00EDC79D /* Testing */,
				C01FCF5008A954540054247B /* Release */,
			);
			defaultConfigurationIsVisible = 0;
			defaultConfigurationName = Release;
		};
/* End XCConfigurationList section */
	};
	rootObject = 29B97313FDCFA39411CA2CEA /* Project object */;
}
